{
  "name": "peqes",
  "lockfileVersion": 3,
  "requires": true,
  "packages": {
    "": {
      "dependencies": {
        "@fortawesome/fontawesome-free": "^6.7.2",
        "bulma": "^1.0.3",
        "htmx.org": "^1.9.12"
      }
    },
    "node_modules/@fortawesome/fontawesome-free": {
      "version": "6.7.2",
      "resolved": "https://registry.npmjs.org/@fortawesome/fontawesome-free/-/fontawesome-free-6.7.2.tgz",
      "integrity": "sha512-JUOtgFW6k9u4Y+xeIaEiLr3+cjoUPiAuLXoyKOJSia6Duzb7pq+A76P9ZdPDoAoxHdHzq6gE9/jKBGXlZT8FbA==",
      "license": "(CC-BY-4.0 AND OFL-1.1 AND MIT)",
      "engines": {
        "node": ">=6"
      }
    },
    "node_modules/bulma": {
      "version": "1.0.3",
      "resolved": "https://registry.npmjs.org/bulma/-/bulma-1.0.3.tgz",
      "integrity": "sha512-9eVXBrXwlU337XUXBjIIq7i88A+tRbJYAjXQjT/21lwam+5tpvKF0R7dCesre9N+HV9c6pzCNEPKrtgvBBes2g==",
      "license": "MIT"
    },
    "node_modules/htmx.org": {
      "version": "1.9.12",
      "resolved": "https://registry.npmjs.org/htmx.org/-/htmx.org-1.9.12.tgz",
      "integrity": "sha512-VZAohXyF7xPGS52IM8d1T1283y+X4D+Owf3qY1NZ9RuBypyu9l8cGsxUMAG5fEAb/DhT7rDoJ9Hpu5/HxFD3cw==",
      "license": "0BSD"
    }
  }
}
